
Microsoft Visual Studio Solution File, Format Version 12.00
# Visual Studio Version 17
VisualStudioVersion = 17.13.35828.75
MinimumVisualStudioVersion = 10.0.40219.1
Project("{FAE04EC0-301F-11D3-BF4B-00C04F79EFBC}") = "ITTools.Core", "ITTools.Core\ITTools.Core.csproj", "{8A6A40E8-53FA-4E38-BBB4-DCDDBCF565C7}"
EndProject
Project("{FAE04EC0-301F-11D3-BF4B-00C04F79EFBC}") = "StringProcessing", "StringProcessing\StringProcessing.csproj", "{56D73EAE-EF37-4350-8B8E-3C75A74E7E90}"
EndProject
Project("{FAE04EC0-301F-11D3-BF4B-00C04F79EFBC}") = "Utility", "Utility\Utility.csproj", "{02FFC792-0812-4BB0-AFF5-B9A862BE21C6}"
EndProject
Project("{FAE04EC0-301F-11D3-BF4B-00C04F79EFBC}") = "DateTimePlugins", "DateTime\DateTimePlugins.csproj", "{ABD8C8A9-AE4B-49A4-A47B-96FF495FC1E8}"
EndProject
Global
	GlobalSection(SolutionConfigurationPlatforms) = preSolution
		Debug|Any CPU = Debug|Any CPU
		Release|Any CPU = Release|Any CPU
	EndGlobalSection
	GlobalSection(ProjectConfigurationPlatforms) = postSolution
		{8A6A40E8-53FA-4E38-BBB4-DCDDBCF565C7}.Debug|Any CPU.ActiveCfg = Debug|Any CPU
		{8A6A40E8-53FA-4E38-BBB4-DCDDBCF565C7}.Debug|Any CPU.Build.0 = Debug|Any CPU
		{8A6A40E8-53FA-4E38-BBB4-DCDDBCF565C7}.Release|Any CPU.ActiveCfg = Release|Any CPU
		{8A6A40E8-53FA-4E38-BBB4-DCDDBCF565C7}.Release|Any CPU.Build.0 = Release|Any CPU
		{56D73EAE-EF37-4350-8B8E-3C75A74E7E90}.Debug|Any CPU.ActiveCfg = Debug|Any CPU
		{56D73EAE-EF37-4350-8B8E-3C75A74E7E90}.Debug|Any CPU.Build.0 = Debug|Any CPU
		{56D73EAE-EF37-4350-8B8E-3C75A74E7E90}.Release|Any CPU.ActiveCfg = Release|Any CPU
		{56D73EAE-EF37-4350-8B8E-3C75A74E7E90}.Release|Any CPU.Build.0 = Release|Any CPU
		{02FFC792-0812-4BB0-AFF5-B9A862BE21C6}.Debug|Any CPU.ActiveCfg = Debug|Any CPU
		{02FFC792-0812-4BB0-AFF5-B9A862BE21C6}.Debug|Any CPU.Build.0 = Debug|Any CPU
		{02FFC792-0812-4BB0-AFF5-B9A862BE21C6}.Release|Any CPU.ActiveCfg = Release|Any CPU
		{02FFC792-0812-4BB0-AFF5-B9A862BE21C6}.Release|Any CPU.Build.0 = Release|Any CPU
		{ABD8C8A9-AE4B-49A4-A47B-96FF495FC1E8}.Debug|Any CPU.ActiveCfg = Debug|Any CPU
		{ABD8C8A9-AE4B-49A4-A47B-96FF495FC1E8}.Debug|Any CPU.Build.0 = Debug|Any CPU
		{ABD8C8A9-AE4B-49A4-A47B-96FF495FC1E8}.Release|Any CPU.ActiveCfg = Release|Any CPU
		{ABD8C8A9-AE4B-49A4-A47B-96FF495FC1E8}.Release|Any CPU.Build.0 = Release|Any CPU
	EndGlobalSection
	GlobalSection(SolutionProperties) = preSolution
		HideSolutionNode = FALSE
	EndGlobalSection
	GlobalSection(ExtensibilityGlobals) = postSolution
		SolutionGuid = {594D41CA-FCCC-446D-AE9E-6C985F1241E1}
	EndGlobalSection
EndGlobal
