
Microsoft Visual Studio Solution File, Format Version 12.00
# Visual Studio Version 17
VisualStudioVersion = 17.13.35828.75
MinimumVisualStudioVersion = 10.0.40219.1
Project("{FAE04EC0-301F-11D3-BF4B-00C04F79EFBC}") = "ITTools.Core", "ITTools.Core\ITTools.Core.csproj", "{8A6A40E8-53FA-4E38-BBB4-DCDDBCF565C7}"
EndProject
Project("{2150E333-8FDC-42A3-9474-1A3956D46DE8}") = "Tools", "Tools", "{02EA681E-C7D8-13C7-8484-4AC65E1B71E8}"
EndProject
Project("{FAE04EC0-301F-11D3-BF4B-00C04F79EFBC}") = "HexToDecimal", "HexToDecimal\HexToDecimal.csproj", "{31E69163-AE2A-4C38-A284-6D6ADAA05E40}"
EndProject
Project("{FAE04EC0-301F-11D3-BF4B-00C04F79EFBC}") = "JSONToXML", "JsonToXml\JSONToXML.csproj", "{23F0D4DE-FE95-43E1-B743-09F05036645D}"
EndProject
Project("{FAE04EC0-301F-11D3-BF4B-00C04F79EFBC}") = "UnixToDateTime", "UnixToDateTime\UnixToDateTime.csproj", "{9DDBE321-A4E3-48F6-A5F4-CE8BBA1B5480}"
EndProject
Project("{FAE04EC0-301F-11D3-BF4B-00C04F79EFBC}") = "CurrentTimeStamp", "CurrentTimeStamp\CurrentTimeStamp.csproj", "{BA5C541B-9966-41B1-8EBB-7CACA8C57605}"
EndProject
Project("{FAE04EC0-301F-11D3-BF4B-00C04F79EFBC}") = "DateFormatter", "DateFormatter\DateFormatter.csproj", "{57E56F15-50EB-47DA-90D7-B9BCEF7094DE}"
EndProject
Project("{FAE04EC0-301F-11D3-BF4B-00C04F79EFBC}") = "TimeZoneConverter", "TimeZoneConverter\TimeZoneConverter.csproj", "{46B8F8F8-B339-4A61-B141-751187D4FE1F}"
EndProject
Project("{FAE04EC0-301F-11D3-BF4B-00C04F79EFBC}") = "Base64Encoder", "Base64Encoder\Base64Encoder.csproj", "{04B6AC3E-7A93-4CF7-9281-D4CDC7EDBAE9}"
EndProject
Project("{FAE04EC0-301F-11D3-BF4B-00C04F79EFBC}") = "MD5Hasher", "Md5Hasher\MD5Hasher.csproj", "{1612290C-F272-4E4D-B23C-FB1B2FAA4DB8}"
EndProject
Project("{FAE04EC0-301F-11D3-BF4B-00C04F79EFBC}") = "SHA256Hasher", "SHA256Hasher\SHA256Hasher.csproj", "{BBBF19C2-E26C-4AE3-A165-3CD03EACB87D}"
EndProject
Project("{FAE04EC0-301F-11D3-BF4B-00C04F79EFBC}") = "JSONFormatter", "JsonFormatter\JSONFormatter.csproj", "{FA2D7FA5-2F1E-46AF-A2F3-89B066C3CD4F}"
EndProject
Project("{FAE04EC0-301F-11D3-BF4B-00C04F79EFBC}") = "XMLFormatter", "XmlFormatter\XMLFormatter.csproj", "{99AFFDB5-458A-43DD-82D7-0505912F5FFF}"
EndProject
Project("{FAE04EC0-301F-11D3-BF4B-00C04F79EFBC}") = "ASCIIArtGenerator", "ASCIIArtGenerator\ASCIIArtGenerator.csproj", "{F2258166-3645-4013-A898-C56D51C1DF2B}"
EndProject
Project("{FAE04EC0-301F-11D3-BF4B-00C04F79EFBC}") = "PlaceHolderTextGenerator", "PlaceHolderTextGenerator\PlaceHolderTextGenerator.csproj", "{937496F2-6E30-4D0E-9874-0FD713523E5B}"
EndProject
Project("{FAE04EC0-301F-11D3-BF4B-00C04F79EFBC}") = "QrCodeGenerator", "QRCodeGenerator\QrCodeGenerator.csproj", "{9843127B-9380-49CA-819C-985777EA6B68}"
EndProject
Project("{FAE04EC0-301F-11D3-BF4B-00C04F79EFBC}") = "FactorialCalculator", "FactorialCalculator\FactorialCalculator.csproj", "{1E2DA158-5716-4BAF-83EB-85693A36A105}"
EndProject
Project("{FAE04EC0-301F-11D3-BF4B-00C04F79EFBC}") = "FibonacciGenerator", "FibonacciGenerator\FibonacciGenerator.csproj", "{EAAD6DE3-0EA2-486E-8441-0427825A7F4D}"
EndProject
Project("{FAE04EC0-301F-11D3-BF4B-00C04F79EFBC}") = "PrimeNumberChecker", "PrimeNumberChecker\PrimeNumberChecker.csproj", "{141B211B-16FC-4C2C-BC7C-A94FBA1E0117}"
EndProject
Project("{FAE04EC0-301F-11D3-BF4B-00C04F79EFBC}") = "ReverseString", "ReverseString\ReverseString.csproj", "{914F9737-8F7B-4AEC-A22F-A8039E7D4F32}"
EndProject
Project("{FAE04EC0-301F-11D3-BF4B-00C04F79EFBC}") = "Uppercase", "Uppercase\Uppercase.csproj", "{78B814F2-83CF-4194-8569-A334D57C5B6E}"
EndProject
Project("{FAE04EC0-301F-11D3-BF4B-00C04F79EFBC}") = "WordCounter", "WordCounter\WordCounter.csproj", "{C3750689-B4E8-46AF-ADA9-BA3105659C50}"
EndProject
Project("{FAE04EC0-301F-11D3-BF4B-00C04F79EFBC}") = "CharacterCounter", "CharacterCounter\CharacterCounter.csproj", "{E0615C44-7FAE-48B8-914F-5335D5DBB8CE}"
EndProject
Project("{FAE04EC0-301F-11D3-BF4B-00C04F79EFBC}") = "SentenceCounter", "SentenceCounter\SentenceCounter.csproj", "{761236C3-1EC0-4314-A607-05A876620313}"
EndProject
Project("{FAE04EC0-301F-11D3-BF4B-00C04F79EFBC}") = "VowelCounter", "VowelCounter\VowelCounter.csproj", "{6D7BB5DE-0173-41F3-B279-979EA3181EB2}"
EndProject
Project("{FAE04EC0-301F-11D3-BF4B-00C04F79EFBC}") = "GUIDGenerator", "GuidGenerator\GUIDGenerator.csproj", "{61CAFCC7-67C3-45C8-8EE6-AE9FDC768730}"
EndProject
Project("{FAE04EC0-301F-11D3-BF4B-00C04F79EFBC}") = "RandomTokenGenerator", "RandomTokenGenerator\RandomTokenGenerator.csproj", "{445CD986-E329-4171-9440-20DD93C09E5E}"
EndProject
Project("{FAE04EC0-301F-11D3-BF4B-00C04F79EFBC}") = "UUIDV4Generator", "UUIDV4Generator\UUIDV4Generator.csproj", "{2DF60F84-C1F6-41AC-9EE6-383F8FE6638B}"
EndProject
Project("{FAE04EC0-301F-11D3-BF4B-00C04F79EFBC}") = "RandomNumberGenerator", "RandomNumberGenerator\RandomNumberGenerator.csproj", "{C4C96986-6A10-471F-848C-37AD8638D20D}"
EndProject
Project("{FAE04EC0-301F-11D3-BF4B-00C04F79EFBC}") = "TextTrimmer", "TextTrimmer\TextTrimmer.csproj", "{4122074B-14BD-4C79-8CE4-55BDF9E7AE54}"
EndProject
Project("{FAE04EC0-301F-11D3-BF4B-00C04F79EFBC}") = "UrlEncoder", "UrlEncoder\UrlEncoder.csproj", "{B98CF387-E6A1-438D-8F8B-9FD296D05DE9}"
EndProject
Project("{FAE04EC0-301F-11D3-BF4B-00C04F79EFBC}") = "I18NTranslationKeyGenerator", "I18nTranslationKeyGenerator\I18NTranslationKeyGenerator.csproj", "{9D636EEA-93DC-4B5B-9332-20543461D8BC}"
EndProject
Project("{FAE04EC0-301F-11D3-BF4B-00C04F79EFBC}") = "SensitiveDataDetector", "SensitiveDataDetector\SensitiveDataDetector.csproj", "{68047784-F4C4-4566-892B-10D0978D466F}"
EndProject
Project("{FAE04EC0-301F-11D3-BF4B-00C04F79EFBC}") = "HexToRGB", "HexToRgb\HexToRGB.csproj", "{C524F4B2-A569-4426-839E-326652ADB9E7}"
EndProject
Project("{FAE04EC0-301F-11D3-BF4B-00C04F79EFBC}") = "RGBToHex", "RgbToHex\RGBToHex.csproj", "{A1DBEA9B-948F-4970-9031-89747AFA9F71}"
EndProject
Project("{FAE04EC0-301F-11D3-BF4B-00C04F79EFBC}") = "CSVRowCounter", "CSVRowCounter\CSVRowCounter.csproj", "{8F87C161-626C-44DD-BF1C-8810BDEF4890}"
EndProject
Project("{FAE04EC0-301F-11D3-BF4B-00C04F79EFBC}") = "Lowercase", "Lowercase\Lowercase.csproj", "{D7579386-6756-4500-93B8-E999FB23C7F1}"
EndProject
Global
	GlobalSection(SolutionConfigurationPlatforms) = preSolution
		Debug|Any CPU = Debug|Any CPU
		Release|Any CPU = Release|Any CPU
	EndGlobalSection
	GlobalSection(ProjectConfigurationPlatforms) = postSolution
		{8A6A40E8-53FA-4E38-BBB4-DCDDBCF565C7}.Debug|Any CPU.ActiveCfg = Debug|Any CPU
		{8A6A40E8-53FA-4E38-BBB4-DCDDBCF565C7}.Debug|Any CPU.Build.0 = Debug|Any CPU
		{8A6A40E8-53FA-4E38-BBB4-DCDDBCF565C7}.Release|Any CPU.ActiveCfg = Release|Any CPU
		{8A6A40E8-53FA-4E38-BBB4-DCDDBCF565C7}.Release|Any CPU.Build.0 = Release|Any CPU
		{31E69163-AE2A-4C38-A284-6D6ADAA05E40}.Debug|Any CPU.ActiveCfg = Debug|Any CPU
		{31E69163-AE2A-4C38-A284-6D6ADAA05E40}.Debug|Any CPU.Build.0 = Debug|Any CPU
		{31E69163-AE2A-4C38-A284-6D6ADAA05E40}.Release|Any CPU.ActiveCfg = Release|Any CPU
		{31E69163-AE2A-4C38-A284-6D6ADAA05E40}.Release|Any CPU.Build.0 = Release|Any CPU
		{23F0D4DE-FE95-43E1-B743-09F05036645D}.Debug|Any CPU.ActiveCfg = Debug|Any CPU
		{23F0D4DE-FE95-43E1-B743-09F05036645D}.Debug|Any CPU.Build.0 = Debug|Any CPU
		{23F0D4DE-FE95-43E1-B743-09F05036645D}.Release|Any CPU.ActiveCfg = Release|Any CPU
		{23F0D4DE-FE95-43E1-B743-09F05036645D}.Release|Any CPU.Build.0 = Release|Any CPU
		{9DDBE321-A4E3-48F6-A5F4-CE8BBA1B5480}.Debug|Any CPU.ActiveCfg = Debug|Any CPU
		{9DDBE321-A4E3-48F6-A5F4-CE8BBA1B5480}.Debug|Any CPU.Build.0 = Debug|Any CPU
		{9DDBE321-A4E3-48F6-A5F4-CE8BBA1B5480}.Release|Any CPU.ActiveCfg = Release|Any CPU
		{9DDBE321-A4E3-48F6-A5F4-CE8BBA1B5480}.Release|Any CPU.Build.0 = Release|Any CPU
		{BA5C541B-9966-41B1-8EBB-7CACA8C57605}.Debug|Any CPU.ActiveCfg = Debug|Any CPU
		{BA5C541B-9966-41B1-8EBB-7CACA8C57605}.Debug|Any CPU.Build.0 = Debug|Any CPU
		{BA5C541B-9966-41B1-8EBB-7CACA8C57605}.Release|Any CPU.ActiveCfg = Release|Any CPU
		{BA5C541B-9966-41B1-8EBB-7CACA8C57605}.Release|Any CPU.Build.0 = Release|Any CPU
		{57E56F15-50EB-47DA-90D7-B9BCEF7094DE}.Debug|Any CPU.ActiveCfg = Debug|Any CPU
		{57E56F15-50EB-47DA-90D7-B9BCEF7094DE}.Debug|Any CPU.Build.0 = Debug|Any CPU
		{57E56F15-50EB-47DA-90D7-B9BCEF7094DE}.Release|Any CPU.ActiveCfg = Release|Any CPU
		{57E56F15-50EB-47DA-90D7-B9BCEF7094DE}.Release|Any CPU.Build.0 = Release|Any CPU
		{46B8F8F8-B339-4A61-B141-751187D4FE1F}.Debug|Any CPU.ActiveCfg = Debug|Any CPU
		{46B8F8F8-B339-4A61-B141-751187D4FE1F}.Debug|Any CPU.Build.0 = Debug|Any CPU
		{46B8F8F8-B339-4A61-B141-751187D4FE1F}.Release|Any CPU.ActiveCfg = Release|Any CPU
		{46B8F8F8-B339-4A61-B141-751187D4FE1F}.Release|Any CPU.Build.0 = Release|Any CPU
		{04B6AC3E-7A93-4CF7-9281-D4CDC7EDBAE9}.Debug|Any CPU.ActiveCfg = Debug|Any CPU
		{04B6AC3E-7A93-4CF7-9281-D4CDC7EDBAE9}.Debug|Any CPU.Build.0 = Debug|Any CPU
		{04B6AC3E-7A93-4CF7-9281-D4CDC7EDBAE9}.Release|Any CPU.ActiveCfg = Release|Any CPU
		{04B6AC3E-7A93-4CF7-9281-D4CDC7EDBAE9}.Release|Any CPU.Build.0 = Release|Any CPU
		{1612290C-F272-4E4D-B23C-FB1B2FAA4DB8}.Debug|Any CPU.ActiveCfg = Debug|Any CPU
		{1612290C-F272-4E4D-B23C-FB1B2FAA4DB8}.Debug|Any CPU.Build.0 = Debug|Any CPU
		{1612290C-F272-4E4D-B23C-FB1B2FAA4DB8}.Release|Any CPU.ActiveCfg = Release|Any CPU
		{1612290C-F272-4E4D-B23C-FB1B2FAA4DB8}.Release|Any CPU.Build.0 = Release|Any CPU
		{BBBF19C2-E26C-4AE3-A165-3CD03EACB87D}.Debug|Any CPU.ActiveCfg = Debug|Any CPU
		{BBBF19C2-E26C-4AE3-A165-3CD03EACB87D}.Debug|Any CPU.Build.0 = Debug|Any CPU
		{BBBF19C2-E26C-4AE3-A165-3CD03EACB87D}.Release|Any CPU.ActiveCfg = Release|Any CPU
		{BBBF19C2-E26C-4AE3-A165-3CD03EACB87D}.Release|Any CPU.Build.0 = Release|Any CPU
		{FA2D7FA5-2F1E-46AF-A2F3-89B066C3CD4F}.Debug|Any CPU.ActiveCfg = Debug|Any CPU
		{FA2D7FA5-2F1E-46AF-A2F3-89B066C3CD4F}.Debug|Any CPU.Build.0 = Debug|Any CPU
		{FA2D7FA5-2F1E-46AF-A2F3-89B066C3CD4F}.Release|Any CPU.ActiveCfg = Release|Any CPU
		{FA2D7FA5-2F1E-46AF-A2F3-89B066C3CD4F}.Release|Any CPU.Build.0 = Release|Any CPU
		{99AFFDB5-458A-43DD-82D7-0505912F5FFF}.Debug|Any CPU.ActiveCfg = Debug|Any CPU
		{99AFFDB5-458A-43DD-82D7-0505912F5FFF}.Debug|Any CPU.Build.0 = Debug|Any CPU
		{99AFFDB5-458A-43DD-82D7-0505912F5FFF}.Release|Any CPU.ActiveCfg = Release|Any CPU
		{99AFFDB5-458A-43DD-82D7-0505912F5FFF}.Release|Any CPU.Build.0 = Release|Any CPU
		{F2258166-3645-4013-A898-C56D51C1DF2B}.Debug|Any CPU.ActiveCfg = Debug|Any CPU
		{F2258166-3645-4013-A898-C56D51C1DF2B}.Debug|Any CPU.Build.0 = Debug|Any CPU
		{F2258166-3645-4013-A898-C56D51C1DF2B}.Release|Any CPU.ActiveCfg = Release|Any CPU
		{F2258166-3645-4013-A898-C56D51C1DF2B}.Release|Any CPU.Build.0 = Release|Any CPU
		{937496F2-6E30-4D0E-9874-0FD713523E5B}.Debug|Any CPU.ActiveCfg = Debug|Any CPU
		{937496F2-6E30-4D0E-9874-0FD713523E5B}.Debug|Any CPU.Build.0 = Debug|Any CPU
		{937496F2-6E30-4D0E-9874-0FD713523E5B}.Release|Any CPU.ActiveCfg = Release|Any CPU
		{937496F2-6E30-4D0E-9874-0FD713523E5B}.Release|Any CPU.Build.0 = Release|Any CPU
		{9843127B-9380-49CA-819C-985777EA6B68}.Debug|Any CPU.ActiveCfg = Debug|Any CPU
		{9843127B-9380-49CA-819C-985777EA6B68}.Debug|Any CPU.Build.0 = Debug|Any CPU
		{9843127B-9380-49CA-819C-985777EA6B68}.Release|Any CPU.ActiveCfg = Release|Any CPU
		{9843127B-9380-49CA-819C-985777EA6B68}.Release|Any CPU.Build.0 = Release|Any CPU
		{1E2DA158-5716-4BAF-83EB-85693A36A105}.Debug|Any CPU.ActiveCfg = Debug|Any CPU
		{1E2DA158-5716-4BAF-83EB-85693A36A105}.Debug|Any CPU.Build.0 = Debug|Any CPU
		{1E2DA158-5716-4BAF-83EB-85693A36A105}.Release|Any CPU.ActiveCfg = Release|Any CPU
		{1E2DA158-5716-4BAF-83EB-85693A36A105}.Release|Any CPU.Build.0 = Release|Any CPU
		{EAAD6DE3-0EA2-486E-8441-0427825A7F4D}.Debug|Any CPU.ActiveCfg = Debug|Any CPU
		{EAAD6DE3-0EA2-486E-8441-0427825A7F4D}.Debug|Any CPU.Build.0 = Debug|Any CPU
		{EAAD6DE3-0EA2-486E-8441-0427825A7F4D}.Release|Any CPU.ActiveCfg = Release|Any CPU
		{EAAD6DE3-0EA2-486E-8441-0427825A7F4D}.Release|Any CPU.Build.0 = Release|Any CPU
		{141B211B-16FC-4C2C-BC7C-A94FBA1E0117}.Debug|Any CPU.ActiveCfg = Debug|Any CPU
		{141B211B-16FC-4C2C-BC7C-A94FBA1E0117}.Debug|Any CPU.Build.0 = Debug|Any CPU
		{141B211B-16FC-4C2C-BC7C-A94FBA1E0117}.Release|Any CPU.ActiveCfg = Release|Any CPU
		{141B211B-16FC-4C2C-BC7C-A94FBA1E0117}.Release|Any CPU.Build.0 = Release|Any CPU
		{914F9737-8F7B-4AEC-A22F-A8039E7D4F32}.Debug|Any CPU.ActiveCfg = Debug|Any CPU
		{914F9737-8F7B-4AEC-A22F-A8039E7D4F32}.Debug|Any CPU.Build.0 = Debug|Any CPU
		{914F9737-8F7B-4AEC-A22F-A8039E7D4F32}.Release|Any CPU.ActiveCfg = Release|Any CPU
		{914F9737-8F7B-4AEC-A22F-A8039E7D4F32}.Release|Any CPU.Build.0 = Release|Any CPU
		{78B814F2-83CF-4194-8569-A334D57C5B6E}.Debug|Any CPU.ActiveCfg = Debug|Any CPU
		{78B814F2-83CF-4194-8569-A334D57C5B6E}.Debug|Any CPU.Build.0 = Debug|Any CPU
		{78B814F2-83CF-4194-8569-A334D57C5B6E}.Release|Any CPU.ActiveCfg = Release|Any CPU
		{78B814F2-83CF-4194-8569-A334D57C5B6E}.Release|Any CPU.Build.0 = Release|Any CPU
		{C3750689-B4E8-46AF-ADA9-BA3105659C50}.Debug|Any CPU.ActiveCfg = Debug|Any CPU
		{C3750689-B4E8-46AF-ADA9-BA3105659C50}.Debug|Any CPU.Build.0 = Debug|Any CPU
		{C3750689-B4E8-46AF-ADA9-BA3105659C50}.Release|Any CPU.ActiveCfg = Release|Any CPU
		{C3750689-B4E8-46AF-ADA9-BA3105659C50}.Release|Any CPU.Build.0 = Release|Any CPU
		{E0615C44-7FAE-48B8-914F-5335D5DBB8CE}.Debug|Any CPU.ActiveCfg = Debug|Any CPU
		{E0615C44-7FAE-48B8-914F-5335D5DBB8CE}.Debug|Any CPU.Build.0 = Debug|Any CPU
		{E0615C44-7FAE-48B8-914F-5335D5DBB8CE}.Release|Any CPU.ActiveCfg = Release|Any CPU
		{E0615C44-7FAE-48B8-914F-5335D5DBB8CE}.Release|Any CPU.Build.0 = Release|Any CPU
		{761236C3-1EC0-4314-A607-05A876620313}.Debug|Any CPU.ActiveCfg = Debug|Any CPU
		{761236C3-1EC0-4314-A607-05A876620313}.Debug|Any CPU.Build.0 = Debug|Any CPU
		{761236C3-1EC0-4314-A607-05A876620313}.Release|Any CPU.ActiveCfg = Release|Any CPU
		{761236C3-1EC0-4314-A607-05A876620313}.Release|Any CPU.Build.0 = Release|Any CPU
		{6D7BB5DE-0173-41F3-B279-979EA3181EB2}.Debug|Any CPU.ActiveCfg = Debug|Any CPU
		{6D7BB5DE-0173-41F3-B279-979EA3181EB2}.Debug|Any CPU.Build.0 = Debug|Any CPU
		{6D7BB5DE-0173-41F3-B279-979EA3181EB2}.Release|Any CPU.ActiveCfg = Release|Any CPU
		{6D7BB5DE-0173-41F3-B279-979EA3181EB2}.Release|Any CPU.Build.0 = Release|Any CPU
		{61CAFCC7-67C3-45C8-8EE6-AE9FDC768730}.Debug|Any CPU.ActiveCfg = Debug|Any CPU
		{61CAFCC7-67C3-45C8-8EE6-AE9FDC768730}.Debug|Any CPU.Build.0 = Debug|Any CPU
		{61CAFCC7-67C3-45C8-8EE6-AE9FDC768730}.Release|Any CPU.ActiveCfg = Release|Any CPU
		{61CAFCC7-67C3-45C8-8EE6-AE9FDC768730}.Release|Any CPU.Build.0 = Release|Any CPU
		{445CD986-E329-4171-9440-20DD93C09E5E}.Debug|Any CPU.ActiveCfg = Debug|Any CPU
		{445CD986-E329-4171-9440-20DD93C09E5E}.Debug|Any CPU.Build.0 = Debug|Any CPU
		{445CD986-E329-4171-9440-20DD93C09E5E}.Release|Any CPU.ActiveCfg = Release|Any CPU
		{445CD986-E329-4171-9440-20DD93C09E5E}.Release|Any CPU.Build.0 = Release|Any CPU
		{2DF60F84-C1F6-41AC-9EE6-383F8FE6638B}.Debug|Any CPU.ActiveCfg = Debug|Any CPU
		{2DF60F84-C1F6-41AC-9EE6-383F8FE6638B}.Debug|Any CPU.Build.0 = Debug|Any CPU
		{2DF60F84-C1F6-41AC-9EE6-383F8FE6638B}.Release|Any CPU.ActiveCfg = Release|Any CPU
		{2DF60F84-C1F6-41AC-9EE6-383F8FE6638B}.Release|Any CPU.Build.0 = Release|Any CPU
		{C4C96986-6A10-471F-848C-37AD8638D20D}.Debug|Any CPU.ActiveCfg = Debug|Any CPU
		{C4C96986-6A10-471F-848C-37AD8638D20D}.Debug|Any CPU.Build.0 = Debug|Any CPU
		{C4C96986-6A10-471F-848C-37AD8638D20D}.Release|Any CPU.ActiveCfg = Release|Any CPU
		{C4C96986-6A10-471F-848C-37AD8638D20D}.Release|Any CPU.Build.0 = Release|Any CPU
		{4122074B-14BD-4C79-8CE4-55BDF9E7AE54}.Debug|Any CPU.ActiveCfg = Debug|Any CPU
		{4122074B-14BD-4C79-8CE4-55BDF9E7AE54}.Debug|Any CPU.Build.0 = Debug|Any CPU
		{4122074B-14BD-4C79-8CE4-55BDF9E7AE54}.Release|Any CPU.ActiveCfg = Release|Any CPU
		{4122074B-14BD-4C79-8CE4-55BDF9E7AE54}.Release|Any CPU.Build.0 = Release|Any CPU
		{B98CF387-E6A1-438D-8F8B-9FD296D05DE9}.Debug|Any CPU.ActiveCfg = Debug|Any CPU
		{B98CF387-E6A1-438D-8F8B-9FD296D05DE9}.Debug|Any CPU.Build.0 = Debug|Any CPU
		{B98CF387-E6A1-438D-8F8B-9FD296D05DE9}.Release|Any CPU.ActiveCfg = Release|Any CPU
		{B98CF387-E6A1-438D-8F8B-9FD296D05DE9}.Release|Any CPU.Build.0 = Release|Any CPU
		{9D636EEA-93DC-4B5B-9332-20543461D8BC}.Debug|Any CPU.ActiveCfg = Debug|Any CPU
		{9D636EEA-93DC-4B5B-9332-20543461D8BC}.Debug|Any CPU.Build.0 = Debug|Any CPU
		{9D636EEA-93DC-4B5B-9332-20543461D8BC}.Release|Any CPU.ActiveCfg = Release|Any CPU
		{9D636EEA-93DC-4B5B-9332-20543461D8BC}.Release|Any CPU.Build.0 = Release|Any CPU
		{68047784-F4C4-4566-892B-10D0978D466F}.Debug|Any CPU.ActiveCfg = Debug|Any CPU
		{68047784-F4C4-4566-892B-10D0978D466F}.Debug|Any CPU.Build.0 = Debug|Any CPU
		{68047784-F4C4-4566-892B-10D0978D466F}.Release|Any CPU.ActiveCfg = Release|Any CPU
		{68047784-F4C4-4566-892B-10D0978D466F}.Release|Any CPU.Build.0 = Release|Any CPU
		{C524F4B2-A569-4426-839E-326652ADB9E7}.Debug|Any CPU.ActiveCfg = Debug|Any CPU
		{C524F4B2-A569-4426-839E-326652ADB9E7}.Debug|Any CPU.Build.0 = Debug|Any CPU
		{C524F4B2-A569-4426-839E-326652ADB9E7}.Release|Any CPU.ActiveCfg = Release|Any CPU
		{C524F4B2-A569-4426-839E-326652ADB9E7}.Release|Any CPU.Build.0 = Release|Any CPU
		{A1DBEA9B-948F-4970-9031-89747AFA9F71}.Debug|Any CPU.ActiveCfg = Debug|Any CPU
		{A1DBEA9B-948F-4970-9031-89747AFA9F71}.Debug|Any CPU.Build.0 = Debug|Any CPU
		{A1DBEA9B-948F-4970-9031-89747AFA9F71}.Release|Any CPU.ActiveCfg = Release|Any CPU
		{A1DBEA9B-948F-4970-9031-89747AFA9F71}.Release|Any CPU.Build.0 = Release|Any CPU
		{8F87C161-626C-44DD-BF1C-8810BDEF4890}.Debug|Any CPU.ActiveCfg = Debug|Any CPU
		{8F87C161-626C-44DD-BF1C-8810BDEF4890}.Debug|Any CPU.Build.0 = Debug|Any CPU
		{8F87C161-626C-44DD-BF1C-8810BDEF4890}.Release|Any CPU.ActiveCfg = Release|Any CPU
		{8F87C161-626C-44DD-BF1C-8810BDEF4890}.Release|Any CPU.Build.0 = Release|Any CPU
		{D7579386-6756-4500-93B8-E999FB23C7F1}.Debug|Any CPU.ActiveCfg = Debug|Any CPU
		{D7579386-6756-4500-93B8-E999FB23C7F1}.Debug|Any CPU.Build.0 = Debug|Any CPU
		{D7579386-6756-4500-93B8-E999FB23C7F1}.Release|Any CPU.ActiveCfg = Release|Any CPU
		{D7579386-6756-4500-93B8-E999FB23C7F1}.Release|Any CPU.Build.0 = Release|Any CPU
	EndGlobalSection
	GlobalSection(SolutionProperties) = preSolution
		HideSolutionNode = FALSE
	EndGlobalSection
	GlobalSection(NestedProjects) = preSolution
		{31E69163-AE2A-4C38-A284-6D6ADAA05E40} = {02EA681E-C7D8-13C7-8484-4AC65E1B71E8}
		{23F0D4DE-FE95-43E1-B743-09F05036645D} = {02EA681E-C7D8-13C7-8484-4AC65E1B71E8}
		{9DDBE321-A4E3-48F6-A5F4-CE8BBA1B5480} = {02EA681E-C7D8-13C7-8484-4AC65E1B71E8}
		{BA5C541B-9966-41B1-8EBB-7CACA8C57605} = {02EA681E-C7D8-13C7-8484-4AC65E1B71E8}
		{57E56F15-50EB-47DA-90D7-B9BCEF7094DE} = {02EA681E-C7D8-13C7-8484-4AC65E1B71E8}
		{46B8F8F8-B339-4A61-B141-751187D4FE1F} = {02EA681E-C7D8-13C7-8484-4AC65E1B71E8}
		{04B6AC3E-7A93-4CF7-9281-D4CDC7EDBAE9} = {02EA681E-C7D8-13C7-8484-4AC65E1B71E8}
		{1612290C-F272-4E4D-B23C-FB1B2FAA4DB8} = {02EA681E-C7D8-13C7-8484-4AC65E1B71E8}
		{BBBF19C2-E26C-4AE3-A165-3CD03EACB87D} = {02EA681E-C7D8-13C7-8484-4AC65E1B71E8}
		{FA2D7FA5-2F1E-46AF-A2F3-89B066C3CD4F} = {02EA681E-C7D8-13C7-8484-4AC65E1B71E8}
		{99AFFDB5-458A-43DD-82D7-0505912F5FFF} = {02EA681E-C7D8-13C7-8484-4AC65E1B71E8}
		{F2258166-3645-4013-A898-C56D51C1DF2B} = {02EA681E-C7D8-13C7-8484-4AC65E1B71E8}
		{937496F2-6E30-4D0E-9874-0FD713523E5B} = {02EA681E-C7D8-13C7-8484-4AC65E1B71E8}
		{9843127B-9380-49CA-819C-985777EA6B68} = {02EA681E-C7D8-13C7-8484-4AC65E1B71E8}
		{1E2DA158-5716-4BAF-83EB-85693A36A105} = {02EA681E-C7D8-13C7-8484-4AC65E1B71E8}
		{EAAD6DE3-0EA2-486E-8441-0427825A7F4D} = {02EA681E-C7D8-13C7-8484-4AC65E1B71E8}
		{141B211B-16FC-4C2C-BC7C-A94FBA1E0117} = {02EA681E-C7D8-13C7-8484-4AC65E1B71E8}
		{914F9737-8F7B-4AEC-A22F-A8039E7D4F32} = {02EA681E-C7D8-13C7-8484-4AC65E1B71E8}
		{78B814F2-83CF-4194-8569-A334D57C5B6E} = {02EA681E-C7D8-13C7-8484-4AC65E1B71E8}
		{C3750689-B4E8-46AF-ADA9-BA3105659C50} = {02EA681E-C7D8-13C7-8484-4AC65E1B71E8}
		{E0615C44-7FAE-48B8-914F-5335D5DBB8CE} = {02EA681E-C7D8-13C7-8484-4AC65E1B71E8}
		{761236C3-1EC0-4314-A607-05A876620313} = {02EA681E-C7D8-13C7-8484-4AC65E1B71E8}
		{6D7BB5DE-0173-41F3-B279-979EA3181EB2} = {02EA681E-C7D8-13C7-8484-4AC65E1B71E8}
		{61CAFCC7-67C3-45C8-8EE6-AE9FDC768730} = {02EA681E-C7D8-13C7-8484-4AC65E1B71E8}
		{445CD986-E329-4171-9440-20DD93C09E5E} = {02EA681E-C7D8-13C7-8484-4AC65E1B71E8}
		{2DF60F84-C1F6-41AC-9EE6-383F8FE6638B} = {02EA681E-C7D8-13C7-8484-4AC65E1B71E8}
		{C4C96986-6A10-471F-848C-37AD8638D20D} = {02EA681E-C7D8-13C7-8484-4AC65E1B71E8}
		{4122074B-14BD-4C79-8CE4-55BDF9E7AE54} = {02EA681E-C7D8-13C7-8484-4AC65E1B71E8}
		{B98CF387-E6A1-438D-8F8B-9FD296D05DE9} = {02EA681E-C7D8-13C7-8484-4AC65E1B71E8}
		{9D636EEA-93DC-4B5B-9332-20543461D8BC} = {02EA681E-C7D8-13C7-8484-4AC65E1B71E8}
		{68047784-F4C4-4566-892B-10D0978D466F} = {02EA681E-C7D8-13C7-8484-4AC65E1B71E8}
		{C524F4B2-A569-4426-839E-326652ADB9E7} = {02EA681E-C7D8-13C7-8484-4AC65E1B71E8}
		{A1DBEA9B-948F-4970-9031-89747AFA9F71} = {02EA681E-C7D8-13C7-8484-4AC65E1B71E8}
		{8F87C161-626C-44DD-BF1C-8810BDEF4890} = {02EA681E-C7D8-13C7-8484-4AC65E1B71E8}
		{D7579386-6756-4500-93B8-E999FB23C7F1} = {02EA681E-C7D8-13C7-8484-4AC65E1B71E8}
	EndGlobalSection
	GlobalSection(ExtensibilityGlobals) = postSolution
		SolutionGuid = {594D41CA-FCCC-446D-AE9E-6C985F1241E1}
	EndGlobalSection
EndGlobal
